// !$*UTF8*$!
{
	archiveVersion = 1;
	classes = {
	};
	objectVersion = 56;
	objects = {

/* Begin PBXBuildFile section */
		6A1C501429F11E6400A9808A /* ContactItems.swift in Sources */ = {isa = PBXBuildFile; fileRef = 6A1C501329F11E6400A9808A /* ContactItems.swift */; };
		6A1C501629F11F0C00A9808A /* profile-image.png in Resources */ = {isa = PBXBuildFile; fileRef = 6A1C501529F11F0C00A9808A /* profile-image.png */; };
		6A1C501829F12F0100A9808A /* Chat.swift in Sources */ = {isa = PBXBuildFile; fileRef = 6A1C501729F12F0100A9808A /* Chat.swift */; };
		6A1C501A29F1E75800A9808A /* Message.swift in Sources */ = {isa = PBXBuildFile; fileRef = 6A1C501929F1E75800A9808A /* Message.swift */; };
		6A1C502729F94CBF00A9808A /* userLocation.swift in Sources */ = {isa = PBXBuildFile; fileRef = 6A1C502629F94CBF00A9808A /* userLocation.swift */; };
		6A1C502A29F94E6100A9808A /* UserLocationMap.swift in Sources */ = {isa = PBXBuildFile; fileRef = 6A1C502929F94E6100A9808A /* UserLocationMap.swift */; };
		6A27AED429E2079100A40D93 /* searchBar.swift in Sources */ = {isa = PBXBuildFile; fileRef = 6A27AED329E2079100A40D93 /* searchBar.swift */; };
		6A27AED729E208D700A40D93 /* SpeechToText.swift in Sources */ = {isa = PBXBuildFile; fileRef = 6A27AED629E208D700A40D93 /* SpeechToText.swift */; };
		6A27AED929E2099900A40D93 /* Home.swift in Sources */ = {isa = PBXBuildFile; fileRef = 6A27AED829E2099900A40D93 /* Home.swift */; };
		6A27AEDB29E317CC00A40D93 /* Pins.swift in Sources */ = {isa = PBXBuildFile; fileRef = 6A27AEDA29E317CC00A40D93 /* Pins.swift */; };
		6A27AEDD29E317E800A40D93 /* AddCache.swift in Sources */ = {isa = PBXBuildFile; fileRef = 6A27AEDC29E317E800A40D93 /* AddCache.swift */; };
		6A27AEDF29E317FA00A40D93 /* Messages.swift in Sources */ = {isa = PBXBuildFile; fileRef = 6A27AEDE29E317FA00A40D93 /* Messages.swift */; };
		6A27AEE129E3180600A40D93 /* Profile.swift in Sources */ = {isa = PBXBuildFile; fileRef = 6A27AEE029E3180600A40D93 /* Profile.swift */; };
		6A27AEE929E928A100A40D93 /* Localizable.strings in Resources */ = {isa = PBXBuildFile; fileRef = 6A27AEEB29E928A100A40D93 /* Localizable.strings */; };
		6A27AEEE29E92EC300A40D93 /* Settings.swift in Sources */ = {isa = PBXBuildFile; fileRef = 6A27AEED29E92EC300A40D93 /* Settings.swift */; };
		6A27AEF129E92FDB00A40D93 /* LocaleSelect.swift in Sources */ = {isa = PBXBuildFile; fileRef = 6A27AEF029E92FDB00A40D93 /* LocaleSelect.swift */; };
		6A28782E29DF14B200961A20 /* Cache.swift in Sources */ = {isa = PBXBuildFile; fileRef = 6A28782D29DF14B200961A20 /* Cache.swift */; };
		6A28783129DF173300961A20 /* ModelData.swift in Sources */ = {isa = PBXBuildFile; fileRef = 6A28783029DF173300961A20 /* ModelData.swift */; };
		6A28783329DF1D9C00961A20 /* cacheData.json in Resources */ = {isa = PBXBuildFile; fileRef = 6A28783229DF1D9C00961A20 /* cacheData.json */; };
		6A28783529DF2AC000961A20 /* detailsSheet.swift in Sources */ = {isa = PBXBuildFile; fileRef = 6A28783429DF2AC000961A20 /* detailsSheet.swift */; };
		6A3B0C7029EBDCB900E9D65F /* User.swift in Sources */ = {isa = PBXBuildFile; fileRef = 6A3B0C6F29EBDCB900E9D65F /* User.swift */; };
		6A3B0C7329EBDF0A00E9D65F /* UserViewModel.swift in Sources */ = {isa = PBXBuildFile; fileRef = 6A3B0C7229EBDF0A00E9D65F /* UserViewModel.swift */; };
		6A3B0C7529EBDF6200E9D65F /* ImagePicker.swift in Sources */ = {isa = PBXBuildFile; fileRef = 6A3B0C7429EBDF6200E9D65F /* ImagePicker.swift */; };
		6A7C5D4229DC607500636F37 /* horizontalListItem.swift in Sources */ = {isa = PBXBuildFile; fileRef = 6A7C5D4129DC607500636F37 /* horizontalListItem.swift */; };
		6A7C5D4529DDD32B00636F37 /* horizontalCacheList.swift in Sources */ = {isa = PBXBuildFile; fileRef = 6A7C5D4429DDD32B00636F37 /* horizontalCacheList.swift */; };
		6A86CB5629EDB963009BC9B7 /* SearchCache.swift in Sources */ = {isa = PBXBuildFile; fileRef = 6A86CB5529EDB963009BC9B7 /* SearchCache.swift */; };
		6A86CB5B29EECBD3009BC9B7 /* SearchResultList.swift in Sources */ = {isa = PBXBuildFile; fileRef = 6A86CB5A29EECBD3009BC9B7 /* SearchResultList.swift */; };
		6A86CB5D29EFE3DE009BC9B7 /* SearchItem.swift in Sources */ = {isa = PBXBuildFile; fileRef = 6A86CB5C29EFE3DE009BC9B7 /* SearchItem.swift */; };
		6A86CB5F29F011D0009BC9B7 /* calculateDistance.swift in Sources */ = {isa = PBXBuildFile; fileRef = 6A86CB5E29F011D0009BC9B7 /* calculateDistance.swift */; };
		6AADED5D29ED652F00BE6F69 /* cacheMapAnnotation.swift in Sources */ = {isa = PBXBuildFile; fileRef = 6AADED5C29ED652F00BE6F69 /* cacheMapAnnotation.swift */; };
		6ACFDDC529E4BFD90057DCA7 /* MapView.swift in Sources */ = {isa = PBXBuildFile; fileRef = 6ACFDDC429E4BFD90057DCA7 /* MapView.swift */; };
		6AD7619229DF43A20072080C /* IntToDots.swift in Sources */ = {isa = PBXBuildFile; fileRef = 6AD7619129DF43A10072080C /* IntToDots.swift */; };
		6AF14C2F29DC56EC00240A23 /* GeoCacheAppApp.swift in Sources */ = {isa = PBXBuildFile; fileRef = 6AF14C2E29DC56EC00240A23 /* GeoCacheAppApp.swift */; };
		6AF14C3129DC56EC00240A23 /* ContentView.swift in Sources */ = {isa = PBXBuildFile; fileRef = 6AF14C3029DC56EC00240A23 /* ContentView.swift */; };
		6AF14C3329DC56EE00240A23 /* Assets.xcassets in Resources */ = {isa = PBXBuildFile; fileRef = 6AF14C3229DC56EE00240A23 /* Assets.xcassets */; };
		6AF14C3629DC56EE00240A23 /* Preview Assets.xcassets in Resources */ = {isa = PBXBuildFile; fileRef = 6AF14C3529DC56EE00240A23 /* Preview Assets.xcassets */; };
		6AF14C3E29DDAEAD00240A23 /* LocationManager.swift in Sources */ = {isa = PBXBuildFile; fileRef = 6AF14C3D29DDAEAD00240A23 /* LocationManager.swift */; };
		C39C9CE529F4072100C699A7 /* MessageModel.swift in Sources */ = {isa = PBXBuildFile; fileRef = C39C9CE429F4072100C699A7 /* MessageModel.swift */; };
		C39C9CE729F4080700C699A7 /* MessageAPI.swift in Sources */ = {isa = PBXBuildFile; fileRef = C39C9CE629F4080700C699A7 /* MessageAPI.swift */; };
		C39C9CE929F40A3000C699A7 /* MessageController.swift in Sources */ = {isa = PBXBuildFile; fileRef = C39C9CE829F40A3000C699A7 /* MessageController.swift */; };
		C39C9CEB29F45D9600C699A7 /* UserModel.swift in Sources */ = {isa = PBXBuildFile; fileRef = C39C9CEA29F45D9600C699A7 /* UserModel.swift */; };
/* End PBXBuildFile section */

/* Begin PBXFileReference section */
		6A1C501329F11E6400A9808A /* ContactItems.swift */ = {isa = PBXFileReference; lastKnownFileType = sourcecode.swift; path = ContactItems.swift; sourceTree = "<group>"; };
		6A1C501529F11F0C00A9808A /* profile-image.png */ = {isa = PBXFileReference; lastKnownFileType = image.png; path = "profile-image.png"; sourceTree = "<group>"; };
		6A1C501729F12F0100A9808A /* Chat.swift */ = {isa = PBXFileReference; lastKnownFileType = sourcecode.swift; path = Chat.swift; sourceTree = "<group>"; };
		6A1C501929F1E75800A9808A /* Message.swift */ = {isa = PBXFileReference; lastKnownFileType = sourcecode.swift; path = Message.swift; sourceTree = "<group>"; };
		6A1C502629F94CBF00A9808A /* userLocation.swift */ = {isa = PBXFileReference; lastKnownFileType = sourcecode.swift; path = userLocation.swift; sourceTree = "<group>"; };
		6A1C502929F94E6100A9808A /* UserLocationMap.swift */ = {isa = PBXFileReference; lastKnownFileType = sourcecode.swift; path = UserLocationMap.swift; sourceTree = "<group>"; };
		6A27AED329E2079100A40D93 /* searchBar.swift */ = {isa = PBXFileReference; lastKnownFileType = sourcecode.swift; path = searchBar.swift; sourceTree = "<group>"; };
		6A27AED629E208D700A40D93 /* SpeechToText.swift */ = {isa = PBXFileReference; lastKnownFileType = sourcecode.swift; name = SpeechToText.swift; path = GeoCacheApp/Utilities/SpeechToText.swift; sourceTree = SOURCE_ROOT; };
		6A27AED829E2099900A40D93 /* Home.swift */ = {isa = PBXFileReference; lastKnownFileType = sourcecode.swift; path = Home.swift; sourceTree = "<group>"; };
		6A27AEDA29E317CC00A40D93 /* Pins.swift */ = {isa = PBXFileReference; lastKnownFileType = sourcecode.swift; path = Pins.swift; sourceTree = "<group>"; };
		6A27AEDC29E317E800A40D93 /* AddCache.swift */ = {isa = PBXFileReference; lastKnownFileType = sourcecode.swift; path = AddCache.swift; sourceTree = "<group>"; };
		6A27AEDE29E317FA00A40D93 /* Messages.swift */ = {isa = PBXFileReference; lastKnownFileType = sourcecode.swift; path = Messages.swift; sourceTree = "<group>"; };
		6A27AEE029E3180600A40D93 /* Profile.swift */ = {isa = PBXFileReference; lastKnownFileType = sourcecode.swift; path = Profile.swift; sourceTree = "<group>"; };
		6A27AEEA29E928A100A40D93 /* en */ = {isa = PBXFileReference; lastKnownFileType = text.plist.strings; name = en; path = en.lproj/Localizable.strings; sourceTree = "<group>"; };
		6A27AEEC29E928DC00A40D93 /* fi */ = {isa = PBXFileReference; lastKnownFileType = text.plist.strings; name = fi; path = fi.lproj/Localizable.strings; sourceTree = "<group>"; };
		6A27AEED29E92EC300A40D93 /* Settings.swift */ = {isa = PBXFileReference; lastKnownFileType = sourcecode.swift; path = Settings.swift; sourceTree = "<group>"; };
		6A27AEF029E92FDB00A40D93 /* LocaleSelect.swift */ = {isa = PBXFileReference; lastKnownFileType = sourcecode.swift; path = LocaleSelect.swift; sourceTree = "<group>"; };
		6A28782D29DF14B200961A20 /* Cache.swift */ = {isa = PBXFileReference; lastKnownFileType = sourcecode.swift; path = Cache.swift; sourceTree = "<group>"; };
		6A28783029DF173300961A20 /* ModelData.swift */ = {isa = PBXFileReference; lastKnownFileType = sourcecode.swift; path = ModelData.swift; sourceTree = "<group>"; };
		6A28783229DF1D9C00961A20 /* cacheData.json */ = {isa = PBXFileReference; fileEncoding = 4; lastKnownFileType = text.json; path = cacheData.json; sourceTree = "<group>"; };
		6A28783429DF2AC000961A20 /* detailsSheet.swift */ = {isa = PBXFileReference; lastKnownFileType = sourcecode.swift; path = detailsSheet.swift; sourceTree = "<group>"; };
		6A3B0C6F29EBDCB900E9D65F /* User.swift */ = {isa = PBXFileReference; lastKnownFileType = sourcecode.swift; path = User.swift; sourceTree = "<group>"; };
		6A3B0C7229EBDF0A00E9D65F /* UserViewModel.swift */ = {isa = PBXFileReference; lastKnownFileType = sourcecode.swift; path = UserViewModel.swift; sourceTree = "<group>"; };
		6A3B0C7429EBDF6200E9D65F /* ImagePicker.swift */ = {isa = PBXFileReference; lastKnownFileType = sourcecode.swift; path = ImagePicker.swift; sourceTree = "<group>"; };
		6A7C5D4129DC607500636F37 /* horizontalListItem.swift */ = {isa = PBXFileReference; lastKnownFileType = sourcecode.swift; path = horizontalListItem.swift; sourceTree = "<group>"; };
		6A7C5D4429DDD32B00636F37 /* horizontalCacheList.swift */ = {isa = PBXFileReference; lastKnownFileType = sourcecode.swift; path = horizontalCacheList.swift; sourceTree = "<group>"; };
		6A86CB5529EDB963009BC9B7 /* SearchCache.swift */ = {isa = PBXFileReference; lastKnownFileType = sourcecode.swift; name = SearchCache.swift; path = GeoCacheApp/Controller/SearchCache.swift; sourceTree = SOURCE_ROOT; };
		6A86CB5A29EECBD3009BC9B7 /* SearchResultList.swift */ = {isa = PBXFileReference; lastKnownFileType = sourcecode.swift; path = SearchResultList.swift; sourceTree = "<group>"; };
		6A86CB5C29EFE3DE009BC9B7 /* SearchItem.swift */ = {isa = PBXFileReference; lastKnownFileType = sourcecode.swift; path = SearchItem.swift; sourceTree = "<group>"; };
		6A86CB5E29F011D0009BC9B7 /* calculateDistance.swift */ = {isa = PBXFileReference; lastKnownFileType = sourcecode.swift; name = calculateDistance.swift; path = GeoCacheApp/Utilities/calculateDistance.swift; sourceTree = SOURCE_ROOT; };
		6AADED5C29ED652F00BE6F69 /* cacheMapAnnotation.swift */ = {isa = PBXFileReference; lastKnownFileType = sourcecode.swift; path = cacheMapAnnotation.swift; sourceTree = "<group>"; };
		6ACFDDC429E4BFD90057DCA7 /* MapView.swift */ = {isa = PBXFileReference; lastKnownFileType = sourcecode.swift; path = MapView.swift; sourceTree = "<group>"; };
		6AD7619129DF43A10072080C /* IntToDots.swift */ = {isa = PBXFileReference; lastKnownFileType = sourcecode.swift; name = IntToDots.swift; path = GeoCacheApp/Utilities/IntToDots.swift; sourceTree = SOURCE_ROOT; };
		6AF14C2B29DC56EC00240A23 /* GeoCacheApp.app */ = {isa = PBXFileReference; explicitFileType = wrapper.application; includeInIndex = 0; path = GeoCacheApp.app; sourceTree = BUILT_PRODUCTS_DIR; };
		6AF14C2E29DC56EC00240A23 /* GeoCacheAppApp.swift */ = {isa = PBXFileReference; lastKnownFileType = sourcecode.swift; path = GeoCacheAppApp.swift; sourceTree = "<group>"; };
		6AF14C3029DC56EC00240A23 /* ContentView.swift */ = {isa = PBXFileReference; lastKnownFileType = sourcecode.swift; path = ContentView.swift; sourceTree = "<group>"; };
		6AF14C3229DC56EE00240A23 /* Assets.xcassets */ = {isa = PBXFileReference; lastKnownFileType = folder.assetcatalog; path = Assets.xcassets; sourceTree = "<group>"; };
		6AF14C3529DC56EE00240A23 /* Preview Assets.xcassets */ = {isa = PBXFileReference; lastKnownFileType = folder.assetcatalog; path = "Preview Assets.xcassets"; sourceTree = "<group>"; };
		6AF14C3C29DD98F800240A23 /* Info.plist */ = {isa = PBXFileReference; lastKnownFileType = text.plist; path = Info.plist; sourceTree = "<group>"; };
		6AF14C3D29DDAEAD00240A23 /* LocationManager.swift */ = {isa = PBXFileReference; lastKnownFileType = sourcecode.swift; path = LocationManager.swift; sourceTree = "<group>"; };
		C39C9CE429F4072100C699A7 /* MessageModel.swift */ = {isa = PBXFileReference; lastKnownFileType = sourcecode.swift; path = MessageModel.swift; sourceTree = "<group>"; };
		C39C9CE629F4080700C699A7 /* MessageAPI.swift */ = {isa = PBXFileReference; lastKnownFileType = sourcecode.swift; path = MessageAPI.swift; sourceTree = "<group>"; };
		C39C9CE829F40A3000C699A7 /* MessageController.swift */ = {isa = PBXFileReference; lastKnownFileType = sourcecode.swift; path = MessageController.swift; sourceTree = "<group>"; };
		C39C9CEA29F45D9600C699A7 /* UserModel.swift */ = {isa = PBXFileReference; lastKnownFileType = sourcecode.swift; path = UserModel.swift; sourceTree = "<group>"; };
/* End PBXFileReference section */

/* Begin PBXFrameworksBuildPhase section */
		6AF14C2829DC56EC00240A23 /* Frameworks */ = {
			isa = PBXFrameworksBuildPhase;
			buildActionMask = 2147483647;
			files = (
			);
			runOnlyForDeploymentPostprocessing = 0;
		};
/* End PBXFrameworksBuildPhase section */

/* Begin PBXGroup section */
		6A1C501229F11E4200A9808A /* Chat */ = {
			isa = PBXGroup;
			children = (
				6A1C501329F11E6400A9808A /* ContactItems.swift */,
				6A1C501729F12F0100A9808A /* Chat.swift */,
				6A1C501929F1E75800A9808A /* Message.swift */,
			);
			path = Chat;
			sourceTree = "<group>";
		};
		6A1C502829F94E1C00A9808A /* Add cache */ = {
			isa = PBXGroup;
			children = (
				6A1C502929F94E6100A9808A /* UserLocationMap.swift */,
			);
			path = "Add cache";
			sourceTree = "<group>";
		};
		6A27AED529E2089700A40D93 /* HorizontalList */ = {
			isa = PBXGroup;
			children = (
				6A7C5D4129DC607500636F37 /* horizontalListItem.swift */,
				6A7C5D4429DDD32B00636F37 /* horizontalCacheList.swift */,
				6A28783429DF2AC000961A20 /* detailsSheet.swift */,
			);
			path = HorizontalList;
			sourceTree = "<group>";
		};
		6A27AEEF29E92FBD00A40D93 /* Settings */ = {
			isa = PBXGroup;
			children = (
				6A27AEF029E92FDB00A40D93 /* LocaleSelect.swift */,
			);
			path = Settings;
			sourceTree = "<group>";
		};
		6A28782B29DF136600961A20 /* Resources */ = {
			isa = PBXGroup;
			children = (
				6A1C501529F11F0C00A9808A /* profile-image.png */,
				6A27AEEB29E928A100A40D93 /* Localizable.strings */,
				6A28783229DF1D9C00961A20 /* cacheData.json */,
			);
			path = Resources;
			sourceTree = "<group>";
		};
		6A28782F29DF170C00961A20 /* Cache */ = {
			isa = PBXGroup;
			children = (
				6A28782D29DF14B200961A20 /* Cache.swift */,
				6A28783029DF173300961A20 /* ModelData.swift */,
			);
			path = Cache;
			sourceTree = "<group>";
		};
		6A3B0C7629EBEB6F00E9D65F /* Profile */ = {
			isa = PBXGroup;
			children = (
				6A3B0C6F29EBDCB900E9D65F /* User.swift */,
				6A3B0C7229EBDF0A00E9D65F /* UserViewModel.swift */,
			);
			path = Profile;
			sourceTree = "<group>";
		};
		6A7C5D3D29DC5B8000636F37 /* Model */ = {
			isa = PBXGroup;
			children = (
				6A3B0C7629EBEB6F00E9D65F /* Profile */,
				6A28782F29DF170C00961A20 /* Cache */,
				C39C9CE429F4072100C699A7 /* MessageModel.swift */,
				C39C9CE629F4080700C699A7 /* MessageAPI.swift */,
				C39C9CEA29F45D9600C699A7 /* UserModel.swift */,
			);
			path = Model;
			sourceTree = "<group>";
		};
		6A7C5D3E29DC5B8700636F37 /* View */ = {
			isa = PBXGroup;
			children = (
				6A7C5D4029DC5B9F00636F37 /* Components */,
				6A27AED829E2099900A40D93 /* Home.swift */,
				6A27AEDA29E317CC00A40D93 /* Pins.swift */,
				6A27AEDC29E317E800A40D93 /* AddCache.swift */,
				6A27AEDE29E317FA00A40D93 /* Messages.swift */,
				6A27AEE029E3180600A40D93 /* Profile.swift */,
				6ACFDDC429E4BFD90057DCA7 /* MapView.swift */,
				6A27AEED29E92EC300A40D93 /* Settings.swift */,
				6AADED5C29ED652F00BE6F69 /* cacheMapAnnotation.swift */,
			);
			path = View;
			sourceTree = "<group>";
		};
		6A7C5D3F29DC5B9300636F37 /* Controller */ = {
			isa = PBXGroup;
			children = (
				6A86CB5529EDB963009BC9B7 /* SearchCache.swift */,
				C39C9CE829F40A3000C699A7 /* MessageController.swift */,
			);
			path = Controller;
			sourceTree = "<group>";
		};
		6A7C5D4029DC5B9F00636F37 /* Components */ = {
			isa = PBXGroup;
			children = (
				6A1C502829F94E1C00A9808A /* Add cache */,
				6A1C501229F11E4200A9808A /* Chat */,
				6A86CB5729EECB91009BC9B7 /* Search */,
				6A27AEEF29E92FBD00A40D93 /* Settings */,
				6A27AED529E2089700A40D93 /* HorizontalList */,
				6A3B0C7429EBDF6200E9D65F /* ImagePicker.swift */,
			);
			path = Components;
			sourceTree = "<group>";
		};
		6A7C5D4329DC9C0400636F37 /* Utilities */ = {
			isa = PBXGroup;
			children = (
				6AD7619129DF43A10072080C /* IntToDots.swift */,
				6A27AED629E208D700A40D93 /* SpeechToText.swift */,
				6A86CB5E29F011D0009BC9B7 /* calculateDistance.swift */,
				6A1C502629F94CBF00A9808A /* userLocation.swift */,
			);
			path = Utilities;
			sourceTree = "<group>";
		};
		6A86CB5729EECB91009BC9B7 /* Search */ = {
			isa = PBXGroup;
			children = (
				6A27AED329E2079100A40D93 /* searchBar.swift */,
				6A86CB5A29EECBD3009BC9B7 /* SearchResultList.swift */,
				6A86CB5C29EFE3DE009BC9B7 /* SearchItem.swift */,
			);
			path = Search;
			sourceTree = "<group>";
		};
		6AF14C2229DC56EC00240A23 = {
			isa = PBXGroup;
			children = (
				6AF14C2D29DC56EC00240A23 /* GeoCacheApp */,
				6AF14C2C29DC56EC00240A23 /* Products */,
			);
			sourceTree = "<group>";
		};
		6AF14C2C29DC56EC00240A23 /* Products */ = {
			isa = PBXGroup;
			children = (
				6AF14C2B29DC56EC00240A23 /* GeoCacheApp.app */,
			);
			name = Products;
			sourceTree = "<group>";
		};
		6AF14C2D29DC56EC00240A23 /* GeoCacheApp */ = {
			isa = PBXGroup;
			children = (
				6AF14C3C29DD98F800240A23 /* Info.plist */,
				6A28782B29DF136600961A20 /* Resources */,
				6A7C5D4329DC9C0400636F37 /* Utilities */,
				6A7C5D3D29DC5B8000636F37 /* Model */,
				6A7C5D3F29DC5B9300636F37 /* Controller */,
				6A7C5D3E29DC5B8700636F37 /* View */,
				6AF14C2E29DC56EC00240A23 /* GeoCacheAppApp.swift */,
				6AF14C3029DC56EC00240A23 /* ContentView.swift */,
				6AF14C3D29DDAEAD00240A23 /* LocationManager.swift */,
				6AF14C3229DC56EE00240A23 /* Assets.xcassets */,
				6AF14C3429DC56EE00240A23 /* Preview Content */,
			);
			path = GeoCacheApp;
			sourceTree = "<group>";
		};
		6AF14C3429DC56EE00240A23 /* Preview Content */ = {
			isa = PBXGroup;
			children = (
				6AF14C3529DC56EE00240A23 /* Preview Assets.xcassets */,
			);
			path = "Preview Content";
			sourceTree = "<group>";
		};
/* End PBXGroup section */

/* Begin PBXNativeTarget section */
		6AF14C2A29DC56EC00240A23 /* GeoCacheApp */ = {
			isa = PBXNativeTarget;
			buildConfigurationList = 6AF14C3929DC56EE00240A23 /* Build configuration list for PBXNativeTarget "GeoCacheApp" */;
			buildPhases = (
				6AF14C2729DC56EC00240A23 /* Sources */,
				6AF14C2829DC56EC00240A23 /* Frameworks */,
				6AF14C2929DC56EC00240A23 /* Resources */,
			);
			buildRules = (
			);
			dependencies = (
			);
			name = GeoCacheApp;
			productName = GeoCacheApp;
			productReference = 6AF14C2B29DC56EC00240A23 /* GeoCacheApp.app */;
			productType = "com.apple.product-type.application";
		};
/* End PBXNativeTarget section */

/* Begin PBXProject section */
		6AF14C2329DC56EC00240A23 /* Project object */ = {
			isa = PBXProject;
			attributes = {
				BuildIndependentTargetsInParallel = 1;
				LastSwiftUpdateCheck = 1420;
				LastUpgradeCheck = 1420;
				TargetAttributes = {
					6AF14C2A29DC56EC00240A23 = {
						CreatedOnToolsVersion = 14.2;
					};
				};
			};
			buildConfigurationList = 6AF14C2629DC56EC00240A23 /* Build configuration list for PBXProject "GeoCacheApp" */;
			compatibilityVersion = "Xcode 14.0";
			developmentRegion = en;
			hasScannedForEncodings = 0;
			knownRegions = (
				en,
				Base,
				fi,
			);
			mainGroup = 6AF14C2229DC56EC00240A23;
			productRefGroup = 6AF14C2C29DC56EC00240A23 /* Products */;
			projectDirPath = "";
			projectRoot = "";
			targets = (
				6AF14C2A29DC56EC00240A23 /* GeoCacheApp */,
			);
		};
/* End PBXProject section */

/* Begin PBXResourcesBuildPhase section */
		6AF14C2929DC56EC00240A23 /* Resources */ = {
			isa = PBXResourcesBuildPhase;
			buildActionMask = 2147483647;
			files = (
				6AF14C3629DC56EE00240A23 /* Preview Assets.xcassets in Resources */,
				6A27AEE929E928A100A40D93 /* Localizable.strings in Resources */,
				6A1C501629F11F0C00A9808A /* profile-image.png in Resources */,
				6AF14C3329DC56EE00240A23 /* Assets.xcassets in Resources */,
				6A28783329DF1D9C00961A20 /* cacheData.json in Resources */,
			);
			runOnlyForDeploymentPostprocessing = 0;
		};
/* End PBXResourcesBuildPhase section */

/* Begin PBXSourcesBuildPhase section */
		6AF14C2729DC56EC00240A23 /* Sources */ = {
			isa = PBXSourcesBuildPhase;
			buildActionMask = 2147483647;
			files = (
				6A86CB5B29EECBD3009BC9B7 /* SearchResultList.swift in Sources */,
				6A27AEF129E92FDB00A40D93 /* LocaleSelect.swift in Sources */,
				6A86CB5D29EFE3DE009BC9B7 /* SearchItem.swift in Sources */,
				6A1C501429F11E6400A9808A /* ContactItems.swift in Sources */,
				6AF14C3129DC56EC00240A23 /* ContentView.swift in Sources */,
				6A1C502729F94CBF00A9808A /* userLocation.swift in Sources */,
				6A1C502A29F94E6100A9808A /* UserLocationMap.swift in Sources */,
				6A28782E29DF14B200961A20 /* Cache.swift in Sources */,
				6AD7619229DF43A20072080C /* IntToDots.swift in Sources */,
				6A86CB5F29F011D0009BC9B7 /* calculateDistance.swift in Sources */,
				C39C9CEB29F45D9600C699A7 /* UserModel.swift in Sources */,
				6AF14C2F29DC56EC00240A23 /* GeoCacheAppApp.swift in Sources */,
				6A27AEDD29E317E800A40D93 /* AddCache.swift in Sources */,
				C39C9CE729F4080700C699A7 /* MessageAPI.swift in Sources */,
				6A86CB5629EDB963009BC9B7 /* SearchCache.swift in Sources */,
				6AF14C3E29DDAEAD00240A23 /* LocationManager.swift in Sources */,
				6A3B0C7529EBDF6200E9D65F /* ImagePicker.swift in Sources */,
				6A27AEEE29E92EC300A40D93 /* Settings.swift in Sources */,
				6A1C501829F12F0100A9808A /* Chat.swift in Sources */,
				6AADED5D29ED652F00BE6F69 /* cacheMapAnnotation.swift in Sources */,
				6A3B0C7029EBDCB900E9D65F /* User.swift in Sources */,
				6A27AED729E208D700A40D93 /* SpeechToText.swift in Sources */,
				6A27AEDF29E317FA00A40D93 /* Messages.swift in Sources */,
				6A27AED429E2079100A40D93 /* searchBar.swift in Sources */,
				C39C9CE529F4072100C699A7 /* MessageModel.swift in Sources */,
				C39C9CE929F40A3000C699A7 /* MessageController.swift in Sources */,
				6ACFDDC529E4BFD90057DCA7 /* MapView.swift in Sources */,
				6A27AEE129E3180600A40D93 /* Profile.swift in Sources */,
				6A7C5D4529DDD32B00636F37 /* horizontalCacheList.swift in Sources */,
				6A28783529DF2AC000961A20 /* detailsSheet.swift in Sources */,
				6A7C5D4229DC607500636F37 /* horizontalListItem.swift in Sources */,
				6A27AED929E2099900A40D93 /* Home.swift in Sources */,
				6A27AEDB29E317CC00A40D93 /* Pins.swift in Sources */,
				6A1C501A29F1E75800A9808A /* Message.swift in Sources */,
				6A3B0C7329EBDF0A00E9D65F /* UserViewModel.swift in Sources */,
				6A28783129DF173300961A20 /* ModelData.swift in Sources */,
			);
			runOnlyForDeploymentPostprocessing = 0;
		};
/* End PBXSourcesBuildPhase section */

/* Begin PBXVariantGroup section */
		6A27AEEB29E928A100A40D93 /* Localizable.strings */ = {
			isa = PBXVariantGroup;
			children = (
				6A27AEEA29E928A100A40D93 /* en */,
				6A27AEEC29E928DC00A40D93 /* fi */,
			);
			name = Localizable.strings;
			sourceTree = "<group>";
		};
/* End PBXVariantGroup section */

/* Begin XCBuildConfiguration section */
		6AF14C3729DC56EE00240A23 /* Debug */ = {
			isa = XCBuildConfiguration;
			buildSettings = {
				ALWAYS_SEARCH_USER_PATHS = NO;
				CLANG_ANALYZER_LOCALIZABILITY_NONLOCALIZED = YES;
				CLANG_ANALYZER_NONNULL = YES;
				CLANG_ANALYZER_NUMBER_OBJECT_CONVERSION = YES_AGGRESSIVE;
				CLANG_CXX_LANGUAGE_STANDARD = "gnu++20";
				CLANG_ENABLE_MODULES = YES;
				CLANG_ENABLE_OBJC_ARC = YES;
				CLANG_ENABLE_OBJC_WEAK = YES;
				CLANG_WARN_BLOCK_CAPTURE_AUTORELEASING = YES;
				CLANG_WARN_BOOL_CONVERSION = YES;
				CLANG_WARN_COMMA = YES;
				CLANG_WARN_CONSTANT_CONVERSION = YES;
				CLANG_WARN_DEPRECATED_OBJC_IMPLEMENTATIONS = YES;
				CLANG_WARN_DIRECT_OBJC_ISA_USAGE = YES_ERROR;
				CLANG_WARN_DOCUMENTATION_COMMENTS = YES;
				CLANG_WARN_EMPTY_BODY = YES;
				CLANG_WARN_ENUM_CONVERSION = YES;
				CLANG_WARN_INFINITE_RECURSION = YES;
				CLANG_WARN_INT_CONVERSION = YES;
				CLANG_WARN_NON_LITERAL_NULL_CONVERSION = YES;
				CLANG_WARN_OBJC_IMPLICIT_RETAIN_SELF = YES;
				CLANG_WARN_OBJC_LITERAL_CONVERSION = YES;
				CLANG_WARN_OBJC_ROOT_CLASS = YES_ERROR;
				CLANG_WARN_QUOTED_INCLUDE_IN_FRAMEWORK_HEADER = YES;
				CLANG_WARN_RANGE_LOOP_ANALYSIS = YES;
				CLANG_WARN_STRICT_PROTOTYPES = YES;
				CLANG_WARN_SUSPICIOUS_MOVE = YES;
				CLANG_WARN_UNGUARDED_AVAILABILITY = YES_AGGRESSIVE;
				CLANG_WARN_UNREACHABLE_CODE = YES;
				CLANG_WARN__DUPLICATE_METHOD_MATCH = YES;
				COPY_PHASE_STRIP = NO;
				DEBUG_INFORMATION_FORMAT = dwarf;
				ENABLE_STRICT_OBJC_MSGSEND = YES;
				ENABLE_TESTABILITY = YES;
				GCC_C_LANGUAGE_STANDARD = gnu11;
				GCC_DYNAMIC_NO_PIC = NO;
				GCC_NO_COMMON_BLOCKS = YES;
				GCC_OPTIMIZATION_LEVEL = 0;
				GCC_PREPROCESSOR_DEFINITIONS = (
					"DEBUG=1",
					"$(inherited)",
				);
				GCC_WARN_64_TO_32_BIT_CONVERSION = YES;
				GCC_WARN_ABOUT_RETURN_TYPE = YES_ERROR;
				GCC_WARN_UNDECLARED_SELECTOR = YES;
				GCC_WARN_UNINITIALIZED_AUTOS = YES_AGGRESSIVE;
				GCC_WARN_UNUSED_FUNCTION = YES;
				GCC_WARN_UNUSED_VARIABLE = YES;
				IPHONEOS_DEPLOYMENT_TARGET = 16.2;
				MTL_ENABLE_DEBUG_INFO = INCLUDE_SOURCE;
				MTL_FAST_MATH = YES;
				ONLY_ACTIVE_ARCH = YES;
				SDKROOT = iphoneos;
				SWIFT_ACTIVE_COMPILATION_CONDITIONS = DEBUG;
				SWIFT_OPTIMIZATION_LEVEL = "-Onone";
			};
			name = Debug;
		};
		6AF14C3829DC56EE00240A23 /* Release */ = {
			isa = XCBuildConfiguration;
			buildSettings = {
				ALWAYS_SEARCH_USER_PATHS = NO;
				CLANG_ANALYZER_LOCALIZABILITY_NONLOCALIZED = YES;
				CLANG_ANALYZER_NONNULL = YES;
				CLANG_ANALYZER_NUMBER_OBJECT_CONVERSION = YES_AGGRESSIVE;
				CLANG_CXX_LANGUAGE_STANDARD = "gnu++20";
				CLANG_ENABLE_MODULES = YES;
				CLANG_ENABLE_OBJC_ARC = YES;
				CLANG_ENABLE_OBJC_WEAK = YES;
				CLANG_WARN_BLOCK_CAPTURE_AUTORELEASING = YES;
				CLANG_WARN_BOOL_CONVERSION = YES;
				CLANG_WARN_COMMA = YES;
				CLANG_WARN_CONSTANT_CONVERSION = YES;
				CLANG_WARN_DEPRECATED_OBJC_IMPLEMENTATIONS = YES;
				CLANG_WARN_DIRECT_OBJC_ISA_USAGE = YES_ERROR;
				CLANG_WARN_DOCUMENTATION_COMMENTS = YES;
				CLANG_WARN_EMPTY_BODY = YES;
				CLANG_WARN_ENUM_CONVERSION = YES;
				CLANG_WARN_INFINITE_RECURSION = YES;
				CLANG_WARN_INT_CONVERSION = YES;
				CLANG_WARN_NON_LITERAL_NULL_CONVERSION = YES;
				CLANG_WARN_OBJC_IMPLICIT_RETAIN_SELF = YES;
				CLANG_WARN_OBJC_LITERAL_CONVERSION = YES;
				CLANG_WARN_OBJC_ROOT_CLASS = YES_ERROR;
				CLANG_WARN_QUOTED_INCLUDE_IN_FRAMEWORK_HEADER = YES;
				CLANG_WARN_RANGE_LOOP_ANALYSIS = YES;
				CLANG_WARN_STRICT_PROTOTYPES = YES;
				CLANG_WARN_SUSPICIOUS_MOVE = YES;
				CLANG_WARN_UNGUARDED_AVAILABILITY = YES_AGGRESSIVE;
				CLANG_WARN_UNREACHABLE_CODE = YES;
				CLANG_WARN__DUPLICATE_METHOD_MATCH = YES;
				COPY_PHASE_STRIP = NO;
				DEBUG_INFORMATION_FORMAT = "dwarf-with-dsym";
				ENABLE_NS_ASSERTIONS = NO;
				ENABLE_STRICT_OBJC_MSGSEND = YES;
				GCC_C_LANGUAGE_STANDARD = gnu11;
				GCC_NO_COMMON_BLOCKS = YES;
				GCC_WARN_64_TO_32_BIT_CONVERSION = YES;
				GCC_WARN_ABOUT_RETURN_TYPE = YES_ERROR;
				GCC_WARN_UNDECLARED_SELECTOR = YES;
				GCC_WARN_UNINITIALIZED_AUTOS = YES_AGGRESSIVE;
				GCC_WARN_UNUSED_FUNCTION = YES;
				GCC_WARN_UNUSED_VARIABLE = YES;
				IPHONEOS_DEPLOYMENT_TARGET = 16.2;
				MTL_ENABLE_DEBUG_INFO = NO;
				MTL_FAST_MATH = YES;
				SDKROOT = iphoneos;
				SWIFT_COMPILATION_MODE = wholemodule;
				SWIFT_OPTIMIZATION_LEVEL = "-O";
				VALIDATE_PRODUCT = YES;
			};
			name = Release;
		};
		6AF14C3A29DC56EE00240A23 /* Debug */ = {
			isa = XCBuildConfiguration;
			buildSettings = {
				ASSETCATALOG_COMPILER_APPICON_NAME = AppIcon;
				ASSETCATALOG_COMPILER_GLOBAL_ACCENT_COLOR_NAME = AccentColor;
				CODE_SIGN_STYLE = Automatic;
				CURRENT_PROJECT_VERSION = 1;
				DEVELOPMENT_ASSET_PATHS = "\"GeoCacheApp/Preview Content\"";
				ENABLE_PREVIEWS = YES;
				GENERATE_INFOPLIST_FILE = YES;
				INFOPLIST_FILE = GeoCacheApp/Info.plist;
				INFOPLIST_KEY_NSSpeechRecognitionUsageDescription = "\"This app uses speech recognition to convert your speech into text for searching.\"";
				INFOPLIST_KEY_UIApplicationSceneManifest_Generation = YES;
				INFOPLIST_KEY_UIApplicationSupportsIndirectInputEvents = YES;
				INFOPLIST_KEY_UILaunchScreen_Generation = YES;
				INFOPLIST_KEY_UISupportedInterfaceOrientations_iPad = "UIInterfaceOrientationPortrait UIInterfaceOrientationPortraitUpsideDown UIInterfaceOrientationLandscapeLeft UIInterfaceOrientationLandscapeRight";
				INFOPLIST_KEY_UISupportedInterfaceOrientations_iPhone = "UIInterfaceOrientationPortrait UIInterfaceOrientationLandscapeLeft UIInterfaceOrientationLandscapeRight";
				LD_RUNPATH_SEARCH_PATHS = (
					"$(inherited)",
					"@executable_path/Frameworks",
				);
				MARKETING_VERSION = 1.0;
				PRODUCT_BUNDLE_IDENTIFIER = com.techTitans.metropolia.GeoCacheApp;
				PRODUCT_NAME = "$(TARGET_NAME)";
				SUPPORTED_PLATFORMS = "iphoneos iphonesimulator";
				SUPPORTS_MACCATALYST = NO;
				SUPPORTS_MAC_DESIGNED_FOR_IPHONE_IPAD = NO;
				SWIFT_EMIT_LOC_STRINGS = YES;
				SWIFT_VERSION = 5.0;
				TARGETED_DEVICE_FAMILY = "1,2";
			};
			name = Debug;
		};
		6AF14C3B29DC56EE00240A23 /* Release */ = {
			isa = XCBuildConfiguration;
			buildSettings = {
				ASSETCATALOG_COMPILER_APPICON_NAME = AppIcon;
				ASSETCATALOG_COMPILER_GLOBAL_ACCENT_COLOR_NAME = AccentColor;
				CODE_SIGN_STYLE = Automatic;
				CURRENT_PROJECT_VERSION = 1;
				DEVELOPMENT_ASSET_PATHS = "\"GeoCacheApp/Preview Content\"";
				ENABLE_PREVIEWS = YES;
				GENERATE_INFOPLIST_FILE = YES;
				INFOPLIST_FILE = GeoCacheApp/Info.plist;
				INFOPLIST_KEY_NSSpeechRecognitionUsageDescription = "\"This app uses speech recognition to convert your speech into text for searching.\"";
				INFOPLIST_KEY_UIApplicationSceneManifest_Generation = YES;
				INFOPLIST_KEY_UIApplicationSupportsIndirectInputEvents = YES;
				INFOPLIST_KEY_UILaunchScreen_Generation = YES;
				INFOPLIST_KEY_UISupportedInterfaceOrientations_iPad = "UIInterfaceOrientationPortrait UIInterfaceOrientationPortraitUpsideDown UIInterfaceOrientationLandscapeLeft UIInterfaceOrientationLandscapeRight";
				INFOPLIST_KEY_UISupportedInterfaceOrientations_iPhone = "UIInterfaceOrientationPortrait UIInterfaceOrientationLandscapeLeft UIInterfaceOrientationLandscapeRight";
				LD_RUNPATH_SEARCH_PATHS = (
					"$(inherited)",
					"@executable_path/Frameworks",
				);
				MARKETING_VERSION = 1.0;
				PRODUCT_BUNDLE_IDENTIFIER = com.techTitans.metropolia.GeoCacheApp;
				PRODUCT_NAME = "$(TARGET_NAME)";
				SUPPORTED_PLATFORMS = "iphoneos iphonesimulator";
				SUPPORTS_MACCATALYST = NO;
				SUPPORTS_MAC_DESIGNED_FOR_IPHONE_IPAD = NO;
				SWIFT_EMIT_LOC_STRINGS = YES;
				SWIFT_VERSION = 5.0;
				TARGETED_DEVICE_FAMILY = "1,2";
			};
			name = Release;
		};
/* End XCBuildConfiguration section */

/* Begin XCConfigurationList section */
		6AF14C2629DC56EC00240A23 /* Build configuration list for PBXProject "GeoCacheApp" */ = {
			isa = XCConfigurationList;
			buildConfigurations = (
				6AF14C3729DC56EE00240A23 /* Debug */,
				6AF14C3829DC56EE00240A23 /* Release */,
			);
			defaultConfigurationIsVisible = 0;
			defaultConfigurationName = Release;
		};
		6AF14C3929DC56EE00240A23 /* Build configuration list for PBXNativeTarget "GeoCacheApp" */ = {
			isa = XCConfigurationList;
			buildConfigurations = (
				6AF14C3A29DC56EE00240A23 /* Debug */,
				6AF14C3B29DC56EE00240A23 /* Release */,
			);
			defaultConfigurationIsVisible = 0;
			defaultConfigurationName = Release;
		};
/* End XCConfigurationList section */
	};
	rootObject = 6AF14C2329DC56EC00240A23 /* Project object */;
}
